
Microsoft Visual Studio Solution File, Format Version 12.00
# Visual Studio Version 16
VisualStudioVersion = 16.0.29102.190
MinimumVisualStudioVersion = 10.0.40219.1
Project("{8BC9CEB8-8B4A-11D0-8D11-00A0C91BC942}") = "exam1", "exam1\exam1.vcxproj", "{D829F23E-3B6A-4138-8A46-6F694FEDD7F4}"
EndProject
Project("{8BC9CEB8-8B4A-11D0-8D11-00A0C91BC942}") = "exam2", "exam2\exam2.vcxproj", "{C124A253-0159-43CA-965F-BBD0F282A07D}"
EndProject
Project("{8BC9CEB8-8B4A-11D0-8D11-00A0C91BC942}") = "exam3", "exam3\exam3.vcxproj", "{62F2CA1A-88CC-456C-B95A-A2647A7144D3}"
EndProject
Project("{8BC9CEB8-8B4A-11D0-8D11-00A0C91BC942}") = "exam5", "exam5\exam5.vcxproj", "{161077FE-539C-4520-BBA6-406314CEA032}"
EndProject
Project("{8BC9CEB8-8B4A-11D0-8D11-00A0C91BC942}") = "exam6", "exam6\exam6.vcxproj", "{DD0B8B42-AEB7-44C9-BD7C-19E60FFDE352}"
EndProject
Global
	GlobalSection(SolutionConfigurationPlatforms) = preSolution
		Debug|x64 = Debug|x64
		Debug|x86 = Debug|x86
		Release|x64 = Release|x64
		Release|x86 = Release|x86
	EndGlobalSection
	GlobalSection(ProjectConfigurationPlatforms) = postSolution
		{D829F23E-3B6A-4138-8A46-6F694FEDD7F4}.Debug|x64.ActiveCfg = Debug|x64
		{D829F23E-3B6A-4138-8A46-6F694FEDD7F4}.Debug|x64.Build.0 = Debug|x64
		{D829F23E-3B6A-4138-8A46-6F694FEDD7F4}.Debug|x86.ActiveCfg = Debug|Win32
		{D829F23E-3B6A-4138-8A46-6F694FEDD7F4}.Debug|x86.Build.0 = Debug|Win32
		{D829F23E-3B6A-4138-8A46-6F694FEDD7F4}.Release|x64.ActiveCfg = Release|x64
		{D829F23E-3B6A-4138-8A46-6F694FEDD7F4}.Release|x64.Build.0 = Release|x64
		{D829F23E-3B6A-4138-8A46-6F694FEDD7F4}.Release|x86.ActiveCfg = Release|Win32
		{D829F23E-3B6A-4138-8A46-6F694FEDD7F4}.Release|x86.Build.0 = Release|Win32
		{C124A253-0159-43CA-965F-BBD0F282A07D}.Debug|x64.ActiveCfg = Debug|x64
		{C124A253-0159-43CA-965F-BBD0F282A07D}.Debug|x64.Build.0 = Debug|x64
		{C124A253-0159-43CA-965F-BBD0F282A07D}.Debug|x86.ActiveCfg = Debug|Win32
		{C124A253-0159-43CA-965F-BBD0F282A07D}.Debug|x86.Build.0 = Debug|Win32
		{C124A253-0159-43CA-965F-BBD0F282A07D}.Release|x64.ActiveCfg = Release|x64
		{C124A253-0159-43CA-965F-BBD0F282A07D}.Release|x64.Build.0 = Release|x64
		{C124A253-0159-43CA-965F-BBD0F282A07D}.Release|x86.ActiveCfg = Release|Win32
		{C124A253-0159-43CA-965F-BBD0F282A07D}.Release|x86.Build.0 = Release|Win32
		{62F2CA1A-88CC-456C-B95A-A2647A7144D3}.Debug|x64.ActiveCfg = Debug|x64
		{62F2CA1A-88CC-456C-B95A-A2647A7144D3}.Debug|x64.Build.0 = Debug|x64
		{62F2CA1A-88CC-456C-B95A-A2647A7144D3}.Debug|x86.ActiveCfg = Debug|Win32
		{62F2CA1A-88CC-456C-B95A-A2647A7144D3}.Debug|x86.Build.0 = Debug|Win32
		{62F2CA1A-88CC-456C-B95A-A2647A7144D3}.Release|x64.ActiveCfg = Release|x64
		{62F2CA1A-88CC-456C-B95A-A2647A7144D3}.Release|x64.Build.0 = Release|x64
		{62F2CA1A-88CC-456C-B95A-A2647A7144D3}.Release|x86.ActiveCfg = Release|Win32
		{62F2CA1A-88CC-456C-B95A-A2647A7144D3}.Release|x86.Build.0 = Release|Win32
		{161077FE-539C-4520-BBA6-406314CEA032}.Debug|x64.ActiveCfg = Debug|x64
		{161077FE-539C-4520-BBA6-406314CEA032}.Debug|x64.Build.0 = Debug|x64
		{161077FE-539C-4520-BBA6-406314CEA032}.Debug|x86.ActiveCfg = Debug|Win32
		{161077FE-539C-4520-BBA6-406314CEA032}.Debug|x86.Build.0 = Debug|Win32
		{161077FE-539C-4520-BBA6-406314CEA032}.Release|x64.ActiveCfg = Release|x64
		{161077FE-539C-4520-BBA6-406314CEA032}.Release|x64.Build.0 = Release|x64
		{161077FE-539C-4520-BBA6-406314CEA032}.Release|x86.ActiveCfg = Release|Win32
		{161077FE-539C-4520-BBA6-406314CEA032}.Release|x86.Build.0 = Release|Win32
		{DD0B8B42-AEB7-44C9-BD7C-19E60FFDE352}.Debug|x64.ActiveCfg = Debug|x64
		{DD0B8B42-AEB7-44C9-BD7C-19E60FFDE352}.Debug|x64.Build.0 = Debug|x64
		{DD0B8B42-AEB7-44C9-BD7C-19E60FFDE352}.Debug|x86.ActiveCfg = Debug|Win32
		{DD0B8B42-AEB7-44C9-BD7C-19E60FFDE352}.Debug|x86.Build.0 = Debug|Win32
		{DD0B8B42-AEB7-44C9-BD7C-19E60FFDE352}.Release|x64.ActiveCfg = Release|x64
		{DD0B8B42-AEB7-44C9-BD7C-19E60FFDE352}.Release|x64.Build.0 = Release|x64
		{DD0B8B42-AEB7-44C9-BD7C-19E60FFDE352}.Release|x86.ActiveCfg = Release|Win32
		{DD0B8B42-AEB7-44C9-BD7C-19E60FFDE352}.Release|x86.Build.0 = Release|Win32
	EndGlobalSection
	GlobalSection(SolutionProperties) = preSolution
		HideSolutionNode = FALSE
	EndGlobalSection
	GlobalSection(ExtensibilityGlobals) = postSolution
		SolutionGuid = {02347FA0-7974-415E-AA17-6F9621EB9AEA}
	EndGlobalSection
EndGlobal
