
Microsoft Visual Studio Solution File, Format Version 12.00
# Visual Studio Version 16
VisualStudioVersion = 16.0.29102.190
MinimumVisualStudioVersion = 10.0.40219.1
Project("{8BC9CEB8-8B4A-11D0-8D11-00A0C91BC942}") = "exam1", "exam1\exam1.vcxproj", "{99C4EF0B-ADB8-4F0C-9EF2-0974AF75FD87}"
EndProject
Project("{8BC9CEB8-8B4A-11D0-8D11-00A0C91BC942}") = "exam2", "exam2\exam2.vcxproj", "{AAA7987D-625B-42D7-95C2-E6BE4FF7BB5E}"
EndProject
Project("{8BC9CEB8-8B4A-11D0-8D11-00A0C91BC942}") = "exam3", "exam3\exam3.vcxproj", "{8BABE850-454A-4E19-8DD3-60F2CF02A691}"
EndProject
Project("{8BC9CEB8-8B4A-11D0-8D11-00A0C91BC942}") = "exam4", "exam4\exam4.vcxproj", "{F6E2710C-DCDF-4258-91ED-7F3E9E9D6FBB}"
EndProject
Project("{8BC9CEB8-8B4A-11D0-8D11-00A0C91BC942}") = "exam5", "exam5\exam5.vcxproj", "{480A1C0B-155B-4247-A7D0-7C8AFABF2BF3}"
EndProject
Project("{8BC9CEB8-8B4A-11D0-8D11-00A0C91BC942}") = "exam6", "exam6\exam6.vcxproj", "{3A9F62E0-5162-43C3-81AC-4939D97F8816}"
EndProject
Project("{8BC9CEB8-8B4A-11D0-8D11-00A0C91BC942}") = "exam7", "exam7\exam7.vcxproj", "{EEB3AA18-69F8-4C1A-9944-8456DFF266F7}"
EndProject
Project("{8BC9CEB8-8B4A-11D0-8D11-00A0C91BC942}") = "bulletDemo", "bulletDemo\bulletDemo.vcxproj", "{C5A761BB-31D0-4323-966D-85DC74DC74CA}"
EndProject
Global
	GlobalSection(SolutionConfigurationPlatforms) = preSolution
		Debug|x64 = Debug|x64
		Debug|x86 = Debug|x86
		Release|x64 = Release|x64
		Release|x86 = Release|x86
	EndGlobalSection
	GlobalSection(ProjectConfigurationPlatforms) = postSolution
		{99C4EF0B-ADB8-4F0C-9EF2-0974AF75FD87}.Debug|x64.ActiveCfg = Debug|x64
		{99C4EF0B-ADB8-4F0C-9EF2-0974AF75FD87}.Debug|x64.Build.0 = Debug|x64
		{99C4EF0B-ADB8-4F0C-9EF2-0974AF75FD87}.Debug|x86.ActiveCfg = Debug|Win32
		{99C4EF0B-ADB8-4F0C-9EF2-0974AF75FD87}.Debug|x86.Build.0 = Debug|Win32
		{99C4EF0B-ADB8-4F0C-9EF2-0974AF75FD87}.Release|x64.ActiveCfg = Release|x64
		{99C4EF0B-ADB8-4F0C-9EF2-0974AF75FD87}.Release|x64.Build.0 = Release|x64
		{99C4EF0B-ADB8-4F0C-9EF2-0974AF75FD87}.Release|x86.ActiveCfg = Release|Win32
		{99C4EF0B-ADB8-4F0C-9EF2-0974AF75FD87}.Release|x86.Build.0 = Release|Win32
		{AAA7987D-625B-42D7-95C2-E6BE4FF7BB5E}.Debug|x64.ActiveCfg = Debug|x64
		{AAA7987D-625B-42D7-95C2-E6BE4FF7BB5E}.Debug|x64.Build.0 = Debug|x64
		{AAA7987D-625B-42D7-95C2-E6BE4FF7BB5E}.Debug|x86.ActiveCfg = Debug|Win32
		{AAA7987D-625B-42D7-95C2-E6BE4FF7BB5E}.Debug|x86.Build.0 = Debug|Win32
		{AAA7987D-625B-42D7-95C2-E6BE4FF7BB5E}.Release|x64.ActiveCfg = Release|x64
		{AAA7987D-625B-42D7-95C2-E6BE4FF7BB5E}.Release|x64.Build.0 = Release|x64
		{AAA7987D-625B-42D7-95C2-E6BE4FF7BB5E}.Release|x86.ActiveCfg = Release|Win32
		{AAA7987D-625B-42D7-95C2-E6BE4FF7BB5E}.Release|x86.Build.0 = Release|Win32
		{8BABE850-454A-4E19-8DD3-60F2CF02A691}.Debug|x64.ActiveCfg = Debug|x64
		{8BABE850-454A-4E19-8DD3-60F2CF02A691}.Debug|x64.Build.0 = Debug|x64
		{8BABE850-454A-4E19-8DD3-60F2CF02A691}.Debug|x86.ActiveCfg = Debug|Win32
		{8BABE850-454A-4E19-8DD3-60F2CF02A691}.Debug|x86.Build.0 = Debug|Win32
		{8BABE850-454A-4E19-8DD3-60F2CF02A691}.Release|x64.ActiveCfg = Release|x64
		{8BABE850-454A-4E19-8DD3-60F2CF02A691}.Release|x64.Build.0 = Release|x64
		{8BABE850-454A-4E19-8DD3-60F2CF02A691}.Release|x86.ActiveCfg = Release|Win32
		{8BABE850-454A-4E19-8DD3-60F2CF02A691}.Release|x86.Build.0 = Release|Win32
		{F6E2710C-DCDF-4258-91ED-7F3E9E9D6FBB}.Debug|x64.ActiveCfg = Debug|x64
		{F6E2710C-DCDF-4258-91ED-7F3E9E9D6FBB}.Debug|x64.Build.0 = Debug|x64
		{F6E2710C-DCDF-4258-91ED-7F3E9E9D6FBB}.Debug|x86.ActiveCfg = Debug|Win32
		{F6E2710C-DCDF-4258-91ED-7F3E9E9D6FBB}.Debug|x86.Build.0 = Debug|Win32
		{F6E2710C-DCDF-4258-91ED-7F3E9E9D6FBB}.Release|x64.ActiveCfg = Release|x64
		{F6E2710C-DCDF-4258-91ED-7F3E9E9D6FBB}.Release|x64.Build.0 = Release|x64
		{F6E2710C-DCDF-4258-91ED-7F3E9E9D6FBB}.Release|x86.ActiveCfg = Release|Win32
		{F6E2710C-DCDF-4258-91ED-7F3E9E9D6FBB}.Release|x86.Build.0 = Release|Win32
		{480A1C0B-155B-4247-A7D0-7C8AFABF2BF3}.Debug|x64.ActiveCfg = Debug|x64
		{480A1C0B-155B-4247-A7D0-7C8AFABF2BF3}.Debug|x64.Build.0 = Debug|x64
		{480A1C0B-155B-4247-A7D0-7C8AFABF2BF3}.Debug|x86.ActiveCfg = Debug|Win32
		{480A1C0B-155B-4247-A7D0-7C8AFABF2BF3}.Debug|x86.Build.0 = Debug|Win32
		{480A1C0B-155B-4247-A7D0-7C8AFABF2BF3}.Release|x64.ActiveCfg = Release|x64
		{480A1C0B-155B-4247-A7D0-7C8AFABF2BF3}.Release|x64.Build.0 = Release|x64
		{480A1C0B-155B-4247-A7D0-7C8AFABF2BF3}.Release|x86.ActiveCfg = Release|Win32
		{480A1C0B-155B-4247-A7D0-7C8AFABF2BF3}.Release|x86.Build.0 = Release|Win32
		{3A9F62E0-5162-43C3-81AC-4939D97F8816}.Debug|x64.ActiveCfg = Debug|x64
		{3A9F62E0-5162-43C3-81AC-4939D97F8816}.Debug|x64.Build.0 = Debug|x64
		{3A9F62E0-5162-43C3-81AC-4939D97F8816}.Debug|x86.ActiveCfg = Debug|Win32
		{3A9F62E0-5162-43C3-81AC-4939D97F8816}.Debug|x86.Build.0 = Debug|Win32
		{3A9F62E0-5162-43C3-81AC-4939D97F8816}.Release|x64.ActiveCfg = Release|x64
		{3A9F62E0-5162-43C3-81AC-4939D97F8816}.Release|x64.Build.0 = Release|x64
		{3A9F62E0-5162-43C3-81AC-4939D97F8816}.Release|x86.ActiveCfg = Release|Win32
		{3A9F62E0-5162-43C3-81AC-4939D97F8816}.Release|x86.Build.0 = Release|Win32
		{EEB3AA18-69F8-4C1A-9944-8456DFF266F7}.Debug|x64.ActiveCfg = Debug|x64
		{EEB3AA18-69F8-4C1A-9944-8456DFF266F7}.Debug|x64.Build.0 = Debug|x64
		{EEB3AA18-69F8-4C1A-9944-8456DFF266F7}.Debug|x86.ActiveCfg = Debug|Win32
		{EEB3AA18-69F8-4C1A-9944-8456DFF266F7}.Debug|x86.Build.0 = Debug|Win32
		{EEB3AA18-69F8-4C1A-9944-8456DFF266F7}.Release|x64.ActiveCfg = Release|x64
		{EEB3AA18-69F8-4C1A-9944-8456DFF266F7}.Release|x64.Build.0 = Release|x64
		{EEB3AA18-69F8-4C1A-9944-8456DFF266F7}.Release|x86.ActiveCfg = Release|Win32
		{EEB3AA18-69F8-4C1A-9944-8456DFF266F7}.Release|x86.Build.0 = Release|Win32
		{C5A761BB-31D0-4323-966D-85DC74DC74CA}.Debug|x64.ActiveCfg = Debug|x64
		{C5A761BB-31D0-4323-966D-85DC74DC74CA}.Debug|x64.Build.0 = Debug|x64
		{C5A761BB-31D0-4323-966D-85DC74DC74CA}.Debug|x86.ActiveCfg = Debug|Win32
		{C5A761BB-31D0-4323-966D-85DC74DC74CA}.Debug|x86.Build.0 = Debug|Win32
		{C5A761BB-31D0-4323-966D-85DC74DC74CA}.Release|x64.ActiveCfg = Release|x64
		{C5A761BB-31D0-4323-966D-85DC74DC74CA}.Release|x64.Build.0 = Release|x64
		{C5A761BB-31D0-4323-966D-85DC74DC74CA}.Release|x86.ActiveCfg = Release|Win32
		{C5A761BB-31D0-4323-966D-85DC74DC74CA}.Release|x86.Build.0 = Release|Win32
	EndGlobalSection
	GlobalSection(SolutionProperties) = preSolution
		HideSolutionNode = FALSE
	EndGlobalSection
	GlobalSection(ExtensibilityGlobals) = postSolution
		SolutionGuid = {A39F47A3-9897-4FF9-A62D-480BE612C84E}
	EndGlobalSection
EndGlobal
