
Microsoft Visual Studio Solution File, Format Version 12.00
# Visual Studio Version 16
VisualStudioVersion = 16.0.29025.244
MinimumVisualStudioVersion = 10.0.40219.1
Project("{8BC9CEB8-8B4A-11D0-8D11-00A0C91BC942}") = "exam1", "exam1\exam1.vcxproj", "{0E2C9E60-01E2-4B7B-8A84-17591B2923FF}"
EndProject
Project("{8BC9CEB8-8B4A-11D0-8D11-00A0C91BC942}") = "exam2", "exam2\exam2.vcxproj", "{6E1879AA-3023-4015-A163-6E9C68BC21C3}"
EndProject
Project("{8BC9CEB8-8B4A-11D0-8D11-00A0C91BC942}") = "exam3", "exam3\exam3.vcxproj", "{EFE212F2-57CD-4447-9A07-C875B867CE16}"
EndProject
Project("{8BC9CEB8-8B4A-11D0-8D11-00A0C91BC942}") = "mapTool", "mapTool\mapTool.vcxproj", "{F8D5BC26-A32E-4AA2-9B7B-1113C0A0AD8D}"
EndProject
Project("{8BC9CEB8-8B4A-11D0-8D11-00A0C91BC942}") = "exam_room1", "exam_room1\exam_room1.vcxproj", "{CD1D849D-AA11-4BCB-B299-30093A57C1AC}"
EndProject
Global
	GlobalSection(SolutionConfigurationPlatforms) = preSolution
		Debug|x64 = Debug|x64
		Debug|x86 = Debug|x86
		Release|x64 = Release|x64
		Release|x86 = Release|x86
	EndGlobalSection
	GlobalSection(ProjectConfigurationPlatforms) = postSolution
		{0E2C9E60-01E2-4B7B-8A84-17591B2923FF}.Debug|x64.ActiveCfg = Debug|x64
		{0E2C9E60-01E2-4B7B-8A84-17591B2923FF}.Debug|x64.Build.0 = Debug|x64
		{0E2C9E60-01E2-4B7B-8A84-17591B2923FF}.Debug|x86.ActiveCfg = Debug|Win32
		{0E2C9E60-01E2-4B7B-8A84-17591B2923FF}.Debug|x86.Build.0 = Debug|Win32
		{0E2C9E60-01E2-4B7B-8A84-17591B2923FF}.Release|x64.ActiveCfg = Release|x64
		{0E2C9E60-01E2-4B7B-8A84-17591B2923FF}.Release|x64.Build.0 = Release|x64
		{0E2C9E60-01E2-4B7B-8A84-17591B2923FF}.Release|x86.ActiveCfg = Release|Win32
		{0E2C9E60-01E2-4B7B-8A84-17591B2923FF}.Release|x86.Build.0 = Release|Win32
		{6E1879AA-3023-4015-A163-6E9C68BC21C3}.Debug|x64.ActiveCfg = Debug|x64
		{6E1879AA-3023-4015-A163-6E9C68BC21C3}.Debug|x64.Build.0 = Debug|x64
		{6E1879AA-3023-4015-A163-6E9C68BC21C3}.Debug|x86.ActiveCfg = Debug|Win32
		{6E1879AA-3023-4015-A163-6E9C68BC21C3}.Debug|x86.Build.0 = Debug|Win32
		{6E1879AA-3023-4015-A163-6E9C68BC21C3}.Release|x64.ActiveCfg = Release|x64
		{6E1879AA-3023-4015-A163-6E9C68BC21C3}.Release|x64.Build.0 = Release|x64
		{6E1879AA-3023-4015-A163-6E9C68BC21C3}.Release|x86.ActiveCfg = Release|Win32
		{6E1879AA-3023-4015-A163-6E9C68BC21C3}.Release|x86.Build.0 = Release|Win32
		{EFE212F2-57CD-4447-9A07-C875B867CE16}.Debug|x64.ActiveCfg = Debug|x64
		{EFE212F2-57CD-4447-9A07-C875B867CE16}.Debug|x64.Build.0 = Debug|x64
		{EFE212F2-57CD-4447-9A07-C875B867CE16}.Debug|x86.ActiveCfg = Debug|Win32
		{EFE212F2-57CD-4447-9A07-C875B867CE16}.Debug|x86.Build.0 = Debug|Win32
		{EFE212F2-57CD-4447-9A07-C875B867CE16}.Release|x64.ActiveCfg = Release|x64
		{EFE212F2-57CD-4447-9A07-C875B867CE16}.Release|x64.Build.0 = Release|x64
		{EFE212F2-57CD-4447-9A07-C875B867CE16}.Release|x86.ActiveCfg = Release|Win32
		{EFE212F2-57CD-4447-9A07-C875B867CE16}.Release|x86.Build.0 = Release|Win32
		{F8D5BC26-A32E-4AA2-9B7B-1113C0A0AD8D}.Debug|x64.ActiveCfg = Debug|x64
		{F8D5BC26-A32E-4AA2-9B7B-1113C0A0AD8D}.Debug|x64.Build.0 = Debug|x64
		{F8D5BC26-A32E-4AA2-9B7B-1113C0A0AD8D}.Debug|x86.ActiveCfg = Debug|Win32
		{F8D5BC26-A32E-4AA2-9B7B-1113C0A0AD8D}.Debug|x86.Build.0 = Debug|Win32
		{F8D5BC26-A32E-4AA2-9B7B-1113C0A0AD8D}.Release|x64.ActiveCfg = Release|x64
		{F8D5BC26-A32E-4AA2-9B7B-1113C0A0AD8D}.Release|x64.Build.0 = Release|x64
		{F8D5BC26-A32E-4AA2-9B7B-1113C0A0AD8D}.Release|x86.ActiveCfg = Release|Win32
		{F8D5BC26-A32E-4AA2-9B7B-1113C0A0AD8D}.Release|x86.Build.0 = Release|Win32
		{CD1D849D-AA11-4BCB-B299-30093A57C1AC}.Debug|x64.ActiveCfg = Debug|x64
		{CD1D849D-AA11-4BCB-B299-30093A57C1AC}.Debug|x64.Build.0 = Debug|x64
		{CD1D849D-AA11-4BCB-B299-30093A57C1AC}.Debug|x86.ActiveCfg = Debug|Win32
		{CD1D849D-AA11-4BCB-B299-30093A57C1AC}.Debug|x86.Build.0 = Debug|Win32
		{CD1D849D-AA11-4BCB-B299-30093A57C1AC}.Release|x64.ActiveCfg = Release|x64
		{CD1D849D-AA11-4BCB-B299-30093A57C1AC}.Release|x64.Build.0 = Release|x64
		{CD1D849D-AA11-4BCB-B299-30093A57C1AC}.Release|x86.ActiveCfg = Release|Win32
		{CD1D849D-AA11-4BCB-B299-30093A57C1AC}.Release|x86.Build.0 = Release|Win32
	EndGlobalSection
	GlobalSection(SolutionProperties) = preSolution
		HideSolutionNode = FALSE
	EndGlobalSection
	GlobalSection(ExtensibilityGlobals) = postSolution
		SolutionGuid = {8B0E8FB3-C374-4230-BBC6-253B0E393386}
	EndGlobalSection
EndGlobal
