
Microsoft Visual Studio Solution File, Format Version 12.00
# Visual Studio Version 16
VisualStudioVersion = 16.0.29102.190
MinimumVisualStudioVersion = 10.0.40219.1
Project("{8BC9CEB8-8B4A-11D0-8D11-00A0C91BC942}") = "exam1", "exam1\exam1.vcxproj", "{33F27BA7-6AD6-4B6D-BEB9-0B0C2FA43DA9}"
EndProject
Project("{8BC9CEB8-8B4A-11D0-8D11-00A0C91BC942}") = "exam2", "exam2\exam2.vcxproj", "{28313545-67C8-450A-A39B-85F2AF52CFF5}"
EndProject
Project("{8BC9CEB8-8B4A-11D0-8D11-00A0C91BC942}") = "exam3", "exam3\exam3.vcxproj", "{CD8731A9-90C1-4564-8767-D83FD0B2A8E1}"
EndProject
Project("{8BC9CEB8-8B4A-11D0-8D11-00A0C91BC942}") = "exam4", "exam4\exam4.vcxproj", "{A5CFBD21-BFFF-42A7-A27C-D35271ABCFEA}"
EndProject
Project("{8BC9CEB8-8B4A-11D0-8D11-00A0C91BC942}") = "exam5", "exam5\exam5.vcxproj", "{A912D6AF-1647-4D4D-8C80-B6A1AFAFD869}"
EndProject
Project("{8BC9CEB8-8B4A-11D0-8D11-00A0C91BC942}") = "exam6", "exam6\exam6.vcxproj", "{7C79FFDD-BF24-4B35-BC49-5AFD00C3586C}"
EndProject
Project("{8BC9CEB8-8B4A-11D0-8D11-00A0C91BC942}") = "exam7", "exam7\exam7.vcxproj", "{3C7FE631-0627-4E76-9245-536D090FD03D}"
EndProject
Global
	GlobalSection(SolutionConfigurationPlatforms) = preSolution
		Debug|x64 = Debug|x64
		Debug|x86 = Debug|x86
		Release|x64 = Release|x64
		Release|x86 = Release|x86
	EndGlobalSection
	GlobalSection(ProjectConfigurationPlatforms) = postSolution
		{33F27BA7-6AD6-4B6D-BEB9-0B0C2FA43DA9}.Debug|x64.ActiveCfg = Debug|x64
		{33F27BA7-6AD6-4B6D-BEB9-0B0C2FA43DA9}.Debug|x64.Build.0 = Debug|x64
		{33F27BA7-6AD6-4B6D-BEB9-0B0C2FA43DA9}.Debug|x86.ActiveCfg = Debug|Win32
		{33F27BA7-6AD6-4B6D-BEB9-0B0C2FA43DA9}.Debug|x86.Build.0 = Debug|Win32
		{33F27BA7-6AD6-4B6D-BEB9-0B0C2FA43DA9}.Release|x64.ActiveCfg = Release|x64
		{33F27BA7-6AD6-4B6D-BEB9-0B0C2FA43DA9}.Release|x64.Build.0 = Release|x64
		{33F27BA7-6AD6-4B6D-BEB9-0B0C2FA43DA9}.Release|x86.ActiveCfg = Release|Win32
		{33F27BA7-6AD6-4B6D-BEB9-0B0C2FA43DA9}.Release|x86.Build.0 = Release|Win32
		{28313545-67C8-450A-A39B-85F2AF52CFF5}.Debug|x64.ActiveCfg = Debug|x64
		{28313545-67C8-450A-A39B-85F2AF52CFF5}.Debug|x64.Build.0 = Debug|x64
		{28313545-67C8-450A-A39B-85F2AF52CFF5}.Debug|x86.ActiveCfg = Debug|Win32
		{28313545-67C8-450A-A39B-85F2AF52CFF5}.Debug|x86.Build.0 = Debug|Win32
		{28313545-67C8-450A-A39B-85F2AF52CFF5}.Release|x64.ActiveCfg = Release|x64
		{28313545-67C8-450A-A39B-85F2AF52CFF5}.Release|x64.Build.0 = Release|x64
		{28313545-67C8-450A-A39B-85F2AF52CFF5}.Release|x86.ActiveCfg = Release|Win32
		{28313545-67C8-450A-A39B-85F2AF52CFF5}.Release|x86.Build.0 = Release|Win32
		{CD8731A9-90C1-4564-8767-D83FD0B2A8E1}.Debug|x64.ActiveCfg = Debug|x64
		{CD8731A9-90C1-4564-8767-D83FD0B2A8E1}.Debug|x64.Build.0 = Debug|x64
		{CD8731A9-90C1-4564-8767-D83FD0B2A8E1}.Debug|x86.ActiveCfg = Debug|Win32
		{CD8731A9-90C1-4564-8767-D83FD0B2A8E1}.Debug|x86.Build.0 = Debug|Win32
		{CD8731A9-90C1-4564-8767-D83FD0B2A8E1}.Release|x64.ActiveCfg = Release|x64
		{CD8731A9-90C1-4564-8767-D83FD0B2A8E1}.Release|x64.Build.0 = Release|x64
		{CD8731A9-90C1-4564-8767-D83FD0B2A8E1}.Release|x86.ActiveCfg = Release|Win32
		{CD8731A9-90C1-4564-8767-D83FD0B2A8E1}.Release|x86.Build.0 = Release|Win32
		{A5CFBD21-BFFF-42A7-A27C-D35271ABCFEA}.Debug|x64.ActiveCfg = Debug|x64
		{A5CFBD21-BFFF-42A7-A27C-D35271ABCFEA}.Debug|x64.Build.0 = Debug|x64
		{A5CFBD21-BFFF-42A7-A27C-D35271ABCFEA}.Debug|x86.ActiveCfg = Debug|Win32
		{A5CFBD21-BFFF-42A7-A27C-D35271ABCFEA}.Debug|x86.Build.0 = Debug|Win32
		{A5CFBD21-BFFF-42A7-A27C-D35271ABCFEA}.Release|x64.ActiveCfg = Release|x64
		{A5CFBD21-BFFF-42A7-A27C-D35271ABCFEA}.Release|x64.Build.0 = Release|x64
		{A5CFBD21-BFFF-42A7-A27C-D35271ABCFEA}.Release|x86.ActiveCfg = Release|Win32
		{A5CFBD21-BFFF-42A7-A27C-D35271ABCFEA}.Release|x86.Build.0 = Release|Win32
		{A912D6AF-1647-4D4D-8C80-B6A1AFAFD869}.Debug|x64.ActiveCfg = Debug|x64
		{A912D6AF-1647-4D4D-8C80-B6A1AFAFD869}.Debug|x64.Build.0 = Debug|x64
		{A912D6AF-1647-4D4D-8C80-B6A1AFAFD869}.Debug|x86.ActiveCfg = Debug|Win32
		{A912D6AF-1647-4D4D-8C80-B6A1AFAFD869}.Debug|x86.Build.0 = Debug|Win32
		{A912D6AF-1647-4D4D-8C80-B6A1AFAFD869}.Release|x64.ActiveCfg = Release|x64
		{A912D6AF-1647-4D4D-8C80-B6A1AFAFD869}.Release|x64.Build.0 = Release|x64
		{A912D6AF-1647-4D4D-8C80-B6A1AFAFD869}.Release|x86.ActiveCfg = Release|Win32
		{A912D6AF-1647-4D4D-8C80-B6A1AFAFD869}.Release|x86.Build.0 = Release|Win32
		{7C79FFDD-BF24-4B35-BC49-5AFD00C3586C}.Debug|x64.ActiveCfg = Debug|x64
		{7C79FFDD-BF24-4B35-BC49-5AFD00C3586C}.Debug|x64.Build.0 = Debug|x64
		{7C79FFDD-BF24-4B35-BC49-5AFD00C3586C}.Debug|x86.ActiveCfg = Debug|Win32
		{7C79FFDD-BF24-4B35-BC49-5AFD00C3586C}.Debug|x86.Build.0 = Debug|Win32
		{7C79FFDD-BF24-4B35-BC49-5AFD00C3586C}.Release|x64.ActiveCfg = Release|x64
		{7C79FFDD-BF24-4B35-BC49-5AFD00C3586C}.Release|x64.Build.0 = Release|x64
		{7C79FFDD-BF24-4B35-BC49-5AFD00C3586C}.Release|x86.ActiveCfg = Release|Win32
		{7C79FFDD-BF24-4B35-BC49-5AFD00C3586C}.Release|x86.Build.0 = Release|Win32
		{3C7FE631-0627-4E76-9245-536D090FD03D}.Debug|x64.ActiveCfg = Debug|x64
		{3C7FE631-0627-4E76-9245-536D090FD03D}.Debug|x64.Build.0 = Debug|x64
		{3C7FE631-0627-4E76-9245-536D090FD03D}.Debug|x86.ActiveCfg = Debug|Win32
		{3C7FE631-0627-4E76-9245-536D090FD03D}.Debug|x86.Build.0 = Debug|Win32
		{3C7FE631-0627-4E76-9245-536D090FD03D}.Release|x64.ActiveCfg = Release|x64
		{3C7FE631-0627-4E76-9245-536D090FD03D}.Release|x64.Build.0 = Release|x64
		{3C7FE631-0627-4E76-9245-536D090FD03D}.Release|x86.ActiveCfg = Release|Win32
		{3C7FE631-0627-4E76-9245-536D090FD03D}.Release|x86.Build.0 = Release|Win32
	EndGlobalSection
	GlobalSection(SolutionProperties) = preSolution
		HideSolutionNode = FALSE
	EndGlobalSection
	GlobalSection(ExtensibilityGlobals) = postSolution
		SolutionGuid = {03495371-6F81-41D1-BE12-2CAB828550C6}
	EndGlobalSection
EndGlobal
