
Microsoft Visual Studio Solution File, Format Version 12.00
# Visual Studio Version 16
VisualStudioVersion = 16.0.29025.244
MinimumVisualStudioVersion = 10.0.40219.1
Project("{8BC9CEB8-8B4A-11D0-8D11-00A0C91BC942}") = "exam1", "exam1\exam1.vcxproj", "{4B7BDA9E-7DAD-44FC-9AC3-6403A4911E02}"
EndProject
Project("{8BC9CEB8-8B4A-11D0-8D11-00A0C91BC942}") = "exam2", "exam2\exam2.vcxproj", "{6282BFA6-3E4E-4D6A-B0F9-FCC36A69A042}"
EndProject
Project("{8BC9CEB8-8B4A-11D0-8D11-00A0C91BC942}") = "exam3", "exam3\exam3.vcxproj", "{F0E75B55-E426-4637-BEC3-BD0B2A3114F8}"
EndProject
Project("{8BC9CEB8-8B4A-11D0-8D11-00A0C91BC942}") = "exam4", "exam4\exam4.vcxproj", "{2630F503-393A-4093-959C-00C93F983F79}"
EndProject
Project("{8BC9CEB8-8B4A-11D0-8D11-00A0C91BC942}") = "exam5", "exam5\exam5.vcxproj", "{B6475497-167B-4733-9AC9-E09AF8598C93}"
EndProject
Project("{8BC9CEB8-8B4A-11D0-8D11-00A0C91BC942}") = "exam6", "exam6\exam6.vcxproj", "{46EE486B-F97F-44BB-9BFC-50B56309067A}"
EndProject
Project("{8BC9CEB8-8B4A-11D0-8D11-00A0C91BC942}") = "exam_room1", "exam_room1\exam_room1.vcxproj", "{CD1D849D-AA11-4BCB-B299-30093A57C1AC}"
EndProject
Global
	GlobalSection(SolutionConfigurationPlatforms) = preSolution
		Debug|x64 = Debug|x64
		Debug|x86 = Debug|x86
		Release|x64 = Release|x64
		Release|x86 = Release|x86
	EndGlobalSection
	GlobalSection(ProjectConfigurationPlatforms) = postSolution
		{4B7BDA9E-7DAD-44FC-9AC3-6403A4911E02}.Debug|x64.ActiveCfg = Debug|x64
		{4B7BDA9E-7DAD-44FC-9AC3-6403A4911E02}.Debug|x64.Build.0 = Debug|x64
		{4B7BDA9E-7DAD-44FC-9AC3-6403A4911E02}.Debug|x86.ActiveCfg = Debug|Win32
		{4B7BDA9E-7DAD-44FC-9AC3-6403A4911E02}.Debug|x86.Build.0 = Debug|Win32
		{4B7BDA9E-7DAD-44FC-9AC3-6403A4911E02}.Release|x64.ActiveCfg = Release|x64
		{4B7BDA9E-7DAD-44FC-9AC3-6403A4911E02}.Release|x64.Build.0 = Release|x64
		{4B7BDA9E-7DAD-44FC-9AC3-6403A4911E02}.Release|x86.ActiveCfg = Release|Win32
		{4B7BDA9E-7DAD-44FC-9AC3-6403A4911E02}.Release|x86.Build.0 = Release|Win32
		{6282BFA6-3E4E-4D6A-B0F9-FCC36A69A042}.Debug|x64.ActiveCfg = Debug|x64
		{6282BFA6-3E4E-4D6A-B0F9-FCC36A69A042}.Debug|x64.Build.0 = Debug|x64
		{6282BFA6-3E4E-4D6A-B0F9-FCC36A69A042}.Debug|x86.ActiveCfg = Debug|Win32
		{6282BFA6-3E4E-4D6A-B0F9-FCC36A69A042}.Debug|x86.Build.0 = Debug|Win32
		{6282BFA6-3E4E-4D6A-B0F9-FCC36A69A042}.Release|x64.ActiveCfg = Release|x64
		{6282BFA6-3E4E-4D6A-B0F9-FCC36A69A042}.Release|x64.Build.0 = Release|x64
		{6282BFA6-3E4E-4D6A-B0F9-FCC36A69A042}.Release|x86.ActiveCfg = Release|Win32
		{6282BFA6-3E4E-4D6A-B0F9-FCC36A69A042}.Release|x86.Build.0 = Release|Win32
		{F0E75B55-E426-4637-BEC3-BD0B2A3114F8}.Debug|x64.ActiveCfg = Debug|x64
		{F0E75B55-E426-4637-BEC3-BD0B2A3114F8}.Debug|x64.Build.0 = Debug|x64
		{F0E75B55-E426-4637-BEC3-BD0B2A3114F8}.Debug|x86.ActiveCfg = Debug|Win32
		{F0E75B55-E426-4637-BEC3-BD0B2A3114F8}.Debug|x86.Build.0 = Debug|Win32
		{F0E75B55-E426-4637-BEC3-BD0B2A3114F8}.Release|x64.ActiveCfg = Release|x64
		{F0E75B55-E426-4637-BEC3-BD0B2A3114F8}.Release|x64.Build.0 = Release|x64
		{F0E75B55-E426-4637-BEC3-BD0B2A3114F8}.Release|x86.ActiveCfg = Release|Win32
		{F0E75B55-E426-4637-BEC3-BD0B2A3114F8}.Release|x86.Build.0 = Release|Win32
		{2630F503-393A-4093-959C-00C93F983F79}.Debug|x64.ActiveCfg = Debug|x64
		{2630F503-393A-4093-959C-00C93F983F79}.Debug|x64.Build.0 = Debug|x64
		{2630F503-393A-4093-959C-00C93F983F79}.Debug|x86.ActiveCfg = Debug|Win32
		{2630F503-393A-4093-959C-00C93F983F79}.Debug|x86.Build.0 = Debug|Win32
		{2630F503-393A-4093-959C-00C93F983F79}.Release|x64.ActiveCfg = Release|x64
		{2630F503-393A-4093-959C-00C93F983F79}.Release|x64.Build.0 = Release|x64
		{2630F503-393A-4093-959C-00C93F983F79}.Release|x86.ActiveCfg = Release|Win32
		{2630F503-393A-4093-959C-00C93F983F79}.Release|x86.Build.0 = Release|Win32
		{B6475497-167B-4733-9AC9-E09AF8598C93}.Debug|x64.ActiveCfg = Debug|x64
		{B6475497-167B-4733-9AC9-E09AF8598C93}.Debug|x64.Build.0 = Debug|x64
		{B6475497-167B-4733-9AC9-E09AF8598C93}.Debug|x86.ActiveCfg = Debug|Win32
		{B6475497-167B-4733-9AC9-E09AF8598C93}.Debug|x86.Build.0 = Debug|Win32
		{B6475497-167B-4733-9AC9-E09AF8598C93}.Release|x64.ActiveCfg = Release|x64
		{B6475497-167B-4733-9AC9-E09AF8598C93}.Release|x64.Build.0 = Release|x64
		{B6475497-167B-4733-9AC9-E09AF8598C93}.Release|x86.ActiveCfg = Release|Win32
		{B6475497-167B-4733-9AC9-E09AF8598C93}.Release|x86.Build.0 = Release|Win32
		{46EE486B-F97F-44BB-9BFC-50B56309067A}.Debug|x64.ActiveCfg = Debug|x64
		{46EE486B-F97F-44BB-9BFC-50B56309067A}.Debug|x64.Build.0 = Debug|x64
		{46EE486B-F97F-44BB-9BFC-50B56309067A}.Debug|x86.ActiveCfg = Debug|Win32
		{46EE486B-F97F-44BB-9BFC-50B56309067A}.Debug|x86.Build.0 = Debug|Win32
		{46EE486B-F97F-44BB-9BFC-50B56309067A}.Release|x64.ActiveCfg = Release|x64
		{46EE486B-F97F-44BB-9BFC-50B56309067A}.Release|x64.Build.0 = Release|x64
		{46EE486B-F97F-44BB-9BFC-50B56309067A}.Release|x86.ActiveCfg = Release|Win32
		{46EE486B-F97F-44BB-9BFC-50B56309067A}.Release|x86.Build.0 = Release|Win32
		{CD1D849D-AA11-4BCB-B299-30093A57C1AC}.Debug|x64.ActiveCfg = Debug|x64
		{CD1D849D-AA11-4BCB-B299-30093A57C1AC}.Debug|x64.Build.0 = Debug|x64
		{CD1D849D-AA11-4BCB-B299-30093A57C1AC}.Debug|x86.ActiveCfg = Debug|Win32
		{CD1D849D-AA11-4BCB-B299-30093A57C1AC}.Debug|x86.Build.0 = Debug|Win32
		{CD1D849D-AA11-4BCB-B299-30093A57C1AC}.Release|x64.ActiveCfg = Release|x64
		{CD1D849D-AA11-4BCB-B299-30093A57C1AC}.Release|x64.Build.0 = Release|x64
		{CD1D849D-AA11-4BCB-B299-30093A57C1AC}.Release|x86.ActiveCfg = Release|Win32
		{CD1D849D-AA11-4BCB-B299-30093A57C1AC}.Release|x86.Build.0 = Release|Win32
	EndGlobalSection
	GlobalSection(SolutionProperties) = preSolution
		HideSolutionNode = FALSE
	EndGlobalSection
	GlobalSection(ExtensibilityGlobals) = postSolution
		SolutionGuid = {9C4F3AED-8798-49F5-B889-A5C29C0E197B}
	EndGlobalSection
EndGlobal
